
Microsoft Visual Studio Solution File, Format Version 12.00
# Visual Studio 15
VisualStudioVersion = 15.0.28307.852
MinimumVisualStudioVersion = 10.0.40219.1
Project("{FAE04EC0-301F-11D3-BF4B-00C04F79EFBC}") = "MongoDB", "MongoDB\MongoDB.csproj", "{00204964-C0B8-4B32-B26E-602588D9E62E}"
EndProject
Global
	GlobalSection(SolutionConfigurationPlatforms) = preSolution
		Debug|Any CPU = Debug|Any CPU
		Release|Any CPU = Release|Any CPU
	EndGlobalSection
	GlobalSection(ProjectConfigurationPlatforms) = postSolution
		{00204964-C0B8-4B32-B26E-602588D9E62E}.Debug|Any CPU.ActiveCfg = Debug|Any CPU
		{00204964-C0B8-4B32-B26E-602588D9E62E}.Debug|Any CPU.Build.0 = Debug|Any CPU
		{00204964-C0B8-4B32-B26E-602588D9E62E}.Release|Any CPU.ActiveCfg = Release|Any CPU
		{00204964-C0B8-4B32-B26E-602588D9E62E}.Release|Any CPU.Build.0 = Release|Any CPU
	EndGlobalSection
	GlobalSection(SolutionProperties) = preSolution
		HideSolutionNode = FALSE
	EndGlobalSection
	GlobalSection(ExtensibilityGlobals) = postSolution
		SolutionGuid = {89F85407-38EA-44BE-879D-4DC41540852E}
	EndGlobalSection
EndGlobal
